// !$*UTF8*$!
{
	archiveVersion = 1;
	classes = {
	};
	objectVersion = 56;
	objects = {

/* Begin PBXBuildFile section */
		B5A200000000000000000001 /* DownloaderExtension.swift in Sources */ = {isa = PBXBuildFile; fileRef = B5A200000000000000000011 /* DownloaderExtension.swift */; };
/* End PBXBuildFile section */

/* Begin PBXFileReference section */
		B5A200000000000000000010 /* Info.plist */ = {isa = PBXFileReference; lastKnownFileType = text.plist.xml; path = Info.plist; sourceTree = "<group>"; };
		B5A200000000000000000011 /* DownloaderExtension.swift */ = {isa = PBXFileReference; lastKnownFileType = sourcecode.swift; path = DownloaderExtension.swift; sourceTree = "<group>"; };
		B5A200000000000000000012 /* BADownloader.appex */ = {isa = PBXFileReference; explicitFileType = "wrapper.extensionkit-extension"; includeInIndex = 0; path = BADownloader.appex; sourceTree = BUILT_PRODUCTS_DIR; };
/* End PBXFileReference section */

/* Begin PBXFrameworksBuildPhase section */
		B5A200000000000000000032 /* Frameworks */ = {
			isa = PBXFrameworksBuildPhase;
			buildActionMask = 2147483647;
			files = (
			);
			runOnlyForDeploymentPostprocessing = 0;
		};
/* End PBXFrameworksBuildPhase section */

/* Begin PBXGroup section */
		B5A200000000000000000020 = {
			isa = PBXGroup;
			children = (
				B5A200000000000000000010 /* Info.plist */,
				B5A200000000000000000011 /* DownloaderExtension.swift */,
				B5A200000000000000000021 /* Products */,
			);
			sourceTree = "<group>";
		};
		B5A200000000000000000021 /* Products */ = {
			isa = PBXGroup;
			children = (
				B5A200000000000000000012 /* BADownloader.appex */,
			);
			name = Products;
			sourceTree = "<group>";
		};
/* End PBXGroup section */

/* Begin PBXNativeTarget section */
		B5A200000000000000000030 /* BADownloader */ = {
			isa = PBXNativeTarget;
			buildConfigurationList = B5A200000000000000000050 /* Build configuration list for PBXNativeTarget "BADownloader" */;
			buildPhases = (
				B5A200000000000000000031 /* Sources */,
				B5A200000000000000000032 /* Frameworks */,
			);
			buildRules = (
			);
			dependencies = (
			);
			name = BADownloader;
			productName = BADownloader;
			productReference = B5A200000000000000000012 /* BADownloader.appex */;
			productType = "com.apple.product-type.extensionkit-extension";
		};
/* End PBXNativeTarget section */

/* Begin PBXProject section */
		B5A200000000000000000040 /* Project object */ = {
			isa = PBXProject;
			buildConfigurationList = B5A200000000000000000051 /* Build configuration list for PBXProject "Extension" */;
			compatibilityVersion = "Xcode 14.0";
			developmentRegion = en;
			hasScannedForEncodings = 0;
			knownRegions = (
				en,
			);
			mainGroup = B5A200000000000000000020;
			productRefGroup = B5A200000000000000000021 /* Products */;
			projectDirPath = "";
			projectRoot = "";
			targets = (
				B5A200000000000000000030 /* BADownloader */,
			);
		};
/* End PBXProject section */

/* Begin PBXSourcesBuildPhase section */
		B5A200000000000000000031 /* Sources */ = {
			isa = PBXSourcesBuildPhase;
			buildActionMask = 2147483647;
			files = (
				B5A200000000000000000001 /* DownloaderExtension.swift in Sources */,
			);
			runOnlyForDeploymentPostprocessing = 0;
		};
/* End PBXSourcesBuildPhase section */

/* Begin XCBuildConfiguration section */
		B5A200000000000000000060 /* Release */ = {
			isa = XCBuildConfiguration;
			buildSettings = {
				ALWAYS_SEARCH_USER_PATHS = NO;
				IPHONEOS_DEPLOYMENT_TARGET = 26.0;
				SDKROOT = iphoneos;
				SWIFT_COMPILATION_MODE = wholemodule;
				SWIFT_VERSION = 5.0;
				TARGETED_DEVICE_FAMILY = "1,2";
			};
			name = Release;
		};
		B5A200000000000000000061 /* Release */ = {
			isa = XCBuildConfiguration;
			buildSettings = {
				GENERATE_INFOPLIST_FILE = YES;
				INFOPLIST_FILE = Info.plist;
				LD_RUNPATH_SEARCH_PATHS = (
					"$(inherited)",
					"@executable_path/Frameworks",
					"@executable_path/../../Frameworks",
				);
				PRODUCT_NAME = "$(TARGET_NAME)";
				SKIP_INSTALL = YES;
			};
			name = Release;
		};
/* End XCBuildConfiguration section */

/* Begin XCConfigurationList section */
		B5A200000000000000000050 /* Build configuration list for PBXNativeTarget "BADownloader" */ = {
			isa = XCConfigurationList;
			buildConfigurations = (
				B5A200000000000000000061 /* Release */,
			);
			defaultConfigurationIsVisible = 0;
			defaultConfigurationName = Release;
		};
		B5A200000000000000000051 /* Build configuration list for PBXProject "Extension" */ = {
			isa = XCConfigurationList;
			buildConfigurations = (
				B5A200000000000000000060 /* Release */,
			);
			defaultConfigurationIsVisible = 0;
			defaultConfigurationName = Release;
		};
/* End XCConfigurationList section */
	};
	rootObject = B5A200000000000000000040 /* Project object */;
}
